Microsoft Visual Studio Solution File, Format Version 12.00
# Visual Studio Version 17
VisualStudioVersion = 17.5.2.0
MinimumVisualStudioVersion = 10.0.40219.1
Project("{FAE04EC0-301F-11D3-BF4B-00C04F79EFBC}") = "ZHEKApp", "ZHEKApp.csproj", "{87EE3506-AF64-7BA0-9A4A-85DFC6240314}"
EndProject
Global
	GlobalSection(SolutionConfigurationPlatforms) = preSolution
		Debug|Any CPU = Debug|Any CPU
		Release|Any CPU = Release|Any CPU
	EndGlobalSection
	GlobalSection(ProjectConfigurationPlatforms) = postSolution
		{87EE3506-AF64-7BA0-9A4A-85DFC6240314}.Debug|Any CPU.ActiveCfg = Debug|Any CPU
		{87EE3506-AF64-7BA0-9A4A-85DFC6240314}.Debug|Any CPU.Build.0 = Debug|Any CPU
		{87EE3506-AF64-7BA0-9A4A-85DFC6240314}.Release|Any CPU.ActiveCfg = Release|Any CPU
		{87EE3506-AF64-7BA0-9A4A-85DFC6240314}.Release|Any CPU.Build.0 = Release|Any CPU
	EndGlobalSection
	GlobalSection(SolutionProperties) = preSolution
		HideSolutionNode = FALSE
	EndGlobalSection
	GlobalSection(ExtensibilityGlobals) = postSolution
		SolutionGuid = {C2D152E7-4543-483F-8978-F482D681A0D2}
	EndGlobalSection
EndGlobal
